
Microsoft Visual Studio Solution File, Format Version 12.00
# Visual Studio Version 17
VisualStudioVersion = 17.14.36109.1 d17.14
MinimumVisualStudioVersion = 10.0.40219.1
Project("{FAE04EC0-301F-11D3-BF4B-00C04F79EFBC}") = "Notes", "Notes.csproj", "{73F95919-7E1B-4B91-9315-DCC92A7515A8}"
EndProject
Global
	GlobalSection(SolutionConfigurationPlatforms) = preSolution
		Debug|Any CPU = Debug|Any CPU
		Release|Any CPU = Release|Any CPU
	EndGlobalSection
	GlobalSection(ProjectConfigurationPlatforms) = postSolution
		{73F95919-7E1B-4B91-9315-DCC92A7515A8}.Debug|Any CPU.ActiveCfg = Debug|Any CPU
		{73F95919-7E1B-4B91-9315-DCC92A7515A8}.Debug|Any CPU.Build.0 = Debug|Any CPU
		{73F95919-7E1B-4B91-9315-DCC92A7515A8}.Release|Any CPU.ActiveCfg = Release|Any CPU
		{73F95919-7E1B-4B91-9315-DCC92A7515A8}.Release|Any CPU.Build.0 = Release|Any CPU
	EndGlobalSection
	GlobalSection(SolutionProperties) = preSolution
		HideSolutionNode = FALSE
	EndGlobalSection
	GlobalSection(ExtensibilityGlobals) = postSolution
		SolutionGuid = {2845E83D-58FD-4979-8F61-8DEC266DF21E}
	EndGlobalSection
EndGlobal
